
Microsoft Visual Studio Solution File, Format Version 12.00
# Visual Studio Version 17
VisualStudioVersion = 17.8.34511.84
MinimumVisualStudioVersion = 10.0.40219.1
Project("{FAE04EC0-301F-11D3-BF4B-00C04F79EFBC}") = "WebApiVylex", "WebApiVylex\WebApiVylex.csproj", "{21923EE4-CA9F-474B-B3D8-3CC6483EAAF7}"
EndProject
Project("{FAE04EC0-301F-11D3-BF4B-00C04F79EFBC}") = "WebApiVylexTests", "WebApiVylexTests\WebApiVylexTests.csproj", "{D409C839-CAD7-45E9-A79D-E7B18C4BDF5B}"
EndProject
Global
	GlobalSection(SolutionConfigurationPlatforms) = preSolution
		Debug|Any CPU = Debug|Any CPU
		Release|Any CPU = Release|Any CPU
	EndGlobalSection
	GlobalSection(ProjectConfigurationPlatforms) = postSolution
		{21923EE4-CA9F-474B-B3D8-3CC6483EAAF7}.Debug|Any CPU.ActiveCfg = Debug|Any CPU
		{21923EE4-CA9F-474B-B3D8-3CC6483EAAF7}.Debug|Any CPU.Build.0 = Debug|Any CPU
		{21923EE4-CA9F-474B-B3D8-3CC6483EAAF7}.Release|Any CPU.ActiveCfg = Release|Any CPU
		{21923EE4-CA9F-474B-B3D8-3CC6483EAAF7}.Release|Any CPU.Build.0 = Release|Any CPU
		{D409C839-CAD7-45E9-A79D-E7B18C4BDF5B}.Debug|Any CPU.ActiveCfg = Debug|Any CPU
		{D409C839-CAD7-45E9-A79D-E7B18C4BDF5B}.Debug|Any CPU.Build.0 = Debug|Any CPU
		{D409C839-CAD7-45E9-A79D-E7B18C4BDF5B}.Release|Any CPU.ActiveCfg = Release|Any CPU
		{D409C839-CAD7-45E9-A79D-E7B18C4BDF5B}.Release|Any CPU.Build.0 = Release|Any CPU
	EndGlobalSection
	GlobalSection(SolutionProperties) = preSolution
		HideSolutionNode = FALSE
	EndGlobalSection
	GlobalSection(ExtensibilityGlobals) = postSolution
		SolutionGuid = {5B83073A-FF3A-4EB2-88B2-2AEC72363C66}
	EndGlobalSection
EndGlobal
